
Microsoft Visual Studio Solution File, Format Version 12.00
# Visual Studio Version 16
VisualStudioVersion = 16.0.30611.23
MinimumVisualStudioVersion = 10.0.40219.1
Project("{FAE04EC0-301F-11D3-BF4B-00C04F79EFBC}") = "TestWork", "TestWork\TestWork.csproj", "{B0BE107A-0836-4C78-BA6E-0B10C413FB53}"
EndProject
Global
	GlobalSection(SolutionConfigurationPlatforms) = preSolution
		Debug|Any CPU = Debug|Any CPU
		Release|Any CPU = Release|Any CPU
	EndGlobalSection
	GlobalSection(ProjectConfigurationPlatforms) = postSolution
		{B0BE107A-0836-4C78-BA6E-0B10C413FB53}.Debug|Any CPU.ActiveCfg = Debug|Any CPU
		{B0BE107A-0836-4C78-BA6E-0B10C413FB53}.Debug|Any CPU.Build.0 = Debug|Any CPU
		{B0BE107A-0836-4C78-BA6E-0B10C413FB53}.Release|Any CPU.ActiveCfg = Release|Any CPU
		{B0BE107A-0836-4C78-BA6E-0B10C413FB53}.Release|Any CPU.Build.0 = Release|Any CPU
	EndGlobalSection
	GlobalSection(SolutionProperties) = preSolution
		HideSolutionNode = FALSE
	EndGlobalSection
	GlobalSection(ExtensibilityGlobals) = postSolution
		SolutionGuid = {94FC2212-CF5E-4964-BF7B-FDA9AB164B4D}
	EndGlobalSection
EndGlobal
